{
  "nodes": {
    "nixpkgs": {
      "locked": {
        "lastModified": 1771797901,
        "narHash": "sha256-STggjVMoV7N/u9PRMazrjdBO+EsHe9maeeWU8pm7G/E=",
        "owner": "NixOS",
        "repo": "nixpkgs",
        "rev": "4af4dd68b0c15486957793a249a865f844cdf2b4",
        "type": "github"
      },
      "original": {
        "id": "nixpkgs",
        "ref": "nixos-25.11-small",
        "type": "indirect"
      }
    },
    "root": {
      "inputs": {
        "nixpkgs": "nixpkgs"
      }
    }
  },
  "root": "root",
  "version": 7
}
