{
  "nodes": {
    "nixpkgs": {
      "locked": {
        "lastModified": 1773679630,
        "narHash": "sha256-w1T/F8hUiEayrRda277EpXW8LxrSkeer0/4HaCGsEE4=",
        "owner": "NixOS",
        "repo": "nixpkgs",
        "rev": "5560a08b531df7bca64849b0c02834dd897878db",
        "type": "github"
      },
      "original": {
        "id": "nixpkgs",
        "ref": "nixos-25.11-small",
        "type": "indirect"
      }
    },
    "root": {
      "inputs": {
        "nixpkgs": "nixpkgs"
      }
    }
  },
  "root": "root",
  "version": 7
}
